
Microsoft Visual Studio Solution File, Format Version 12.00
# Visual Studio Version 16
VisualStudioVersion = 16.0.31613.86
MinimumVisualStudioVersion = 10.0.40219.1
Project("{FAE04EC0-301F-11D3-BF4B-00C04F79EFBC}") = "SistemaDeBusqueda", "SistemaDeBusqueda\SistemaDeBusqueda.csproj", "{F56D0BDD-1EEB-40B2-BC77-D1DDF5F5DAD3}"
EndProject
Global
	GlobalSection(SolutionConfigurationPlatforms) = preSolution
		Debug|Any CPU = Debug|Any CPU
		Release|Any CPU = Release|Any CPU
	EndGlobalSection
	GlobalSection(ProjectConfigurationPlatforms) = postSolution
		{F56D0BDD-1EEB-40B2-BC77-D1DDF5F5DAD3}.Debug|Any CPU.ActiveCfg = Debug|Any CPU
		{F56D0BDD-1EEB-40B2-BC77-D1DDF5F5DAD3}.Debug|Any CPU.Build.0 = Debug|Any CPU
		{F56D0BDD-1EEB-40B2-BC77-D1DDF5F5DAD3}.Release|Any CPU.ActiveCfg = Release|Any CPU
		{F56D0BDD-1EEB-40B2-BC77-D1DDF5F5DAD3}.Release|Any CPU.Build.0 = Release|Any CPU
	EndGlobalSection
	GlobalSection(SolutionProperties) = preSolution
		HideSolutionNode = FALSE
	EndGlobalSection
	GlobalSection(ExtensibilityGlobals) = postSolution
		SolutionGuid = {F3632C33-97AA-417C-8113-735C00F98821}
	EndGlobalSection
EndGlobal
